// !$*UTF8*$!
{
	archiveVersion = 1;
	classes = {
	};
	objectVersion = 55;
	objects = {

/* Begin PBXBuildFile section */
		F134EECE27BBE5340028FFFC /* AppDelegate.swift in Sources */ = {isa = PBXBuildFile; fileRef = F134EECD27BBE5340028FFFC /* AppDelegate.swift */; };
		F134EED027BBE5340028FFFC /* SceneDelegate.swift in Sources */ = {isa = PBXBuildFile; fileRef = F134EECF27BBE5340028FFFC /* SceneDelegate.swift */; };
		F134EED227BBE5340028FFFC /* ViewController.swift in Sources */ = {isa = PBXBuildFile; fileRef = F134EED127BBE5340028FFFC /* ViewController.swift */; };
		F134EED727BBE5350028FFFC /* Assets.xcassets in Resources */ = {isa = PBXBuildFile; fileRef = F134EED627BBE5350028FFFC /* Assets.xcassets */; };
		F134EEDA27BBE5350028FFFC /* LaunchScreen.storyboard in Resources */ = {isa = PBXBuildFile; fileRef = F134EED827BBE5350028FFFC /* LaunchScreen.storyboard */; };
		F134EEE527BBE5360028FFFC /* NewsAppTests.swift in Sources */ = {isa = PBXBuildFile; fileRef = F134EEE427BBE5360028FFFC /* NewsAppTests.swift */; };
		F134EEEF27BBE5360028FFFC /* NewsAppUITests.swift in Sources */ = {isa = PBXBuildFile; fileRef = F134EEEE27BBE5360028FFFC /* NewsAppUITests.swift */; };
		F134EEF127BBE5360028FFFC /* NewsAppUITestsLaunchTests.swift in Sources */ = {isa = PBXBuildFile; fileRef = F134EEF027BBE5360028FFFC /* NewsAppUITestsLaunchTests.swift */; };
		F134EEFF27BBED7A0028FFFC /* APIKey.swift in Sources */ = {isa = PBXBuildFile; fileRef = F134EEFE27BBED7A0028FFFC /* APIKey.swift */; };
		F134EF0227BBEE1E0028FFFC /* News.swift in Sources */ = {isa = PBXBuildFile; fileRef = F134EF0127BBEE1E0028FFFC /* News.swift */; };
		F134EF0527BBEFCA0028FFFC /* NetworkManager.swift in Sources */ = {isa = PBXBuildFile; fileRef = F134EF0427BBEFCA0028FFFC /* NetworkManager.swift */; };
		F134EF0827BBF6630028FFFC /* NewsViewModel.swift in Sources */ = {isa = PBXBuildFile; fileRef = F134EF0727BBF6630028FFFC /* NewsViewModel.swift */; };
		F134EF0A27BBF74F0028FFFC /* NewsListViewModel.swift in Sources */ = {isa = PBXBuildFile; fileRef = F134EF0927BBF74F0028FFFC /* NewsListViewModel.swift */; };
		F134EF0D27BBF8FF0028FFFC /* HeaderView.swift in Sources */ = {isa = PBXBuildFile; fileRef = F134EF0C27BBF8FF0028FFFC /* HeaderView.swift */; };
		F134EF0F27BC22B90028FFFC /* ShadowImageView.swift in Sources */ = {isa = PBXBuildFile; fileRef = F134EF0E27BC22B90028FFFC /* ShadowImageView.swift */; };
		F134EF1127BC27360028FFFC /* NewsTableViewCell.swift in Sources */ = {isa = PBXBuildFile; fileRef = F134EF1027BC27360028FFFC /* NewsTableViewCell.swift */; };
/* End PBXBuildFile section */

/* Begin PBXContainerItemProxy section */
		F134EEE127BBE5360028FFFC /* PBXContainerItemProxy */ = {
			isa = PBXContainerItemProxy;
			containerPortal = F134EEC227BBE5340028FFFC /* Project object */;
			proxyType = 1;
			remoteGlobalIDString = F134EEC927BBE5340028FFFC;
			remoteInfo = NewsApp;
		};
		F134EEEB27BBE5360028FFFC /* PBXContainerItemProxy */ = {
			isa = PBXContainerItemProxy;
			containerPortal = F134EEC227BBE5340028FFFC /* Project object */;
			proxyType = 1;
			remoteGlobalIDString = F134EEC927BBE5340028FFFC;
			remoteInfo = NewsApp;
		};
/* End PBXContainerItemProxy section */

/* Begin PBXFileReference section */
		F134EECA27BBE5340028FFFC /* NewsApp.app */ = {isa = PBXFileReference; explicitFileType = wrapper.application; includeInIndex = 0; path = NewsApp.app; sourceTree = BUILT_PRODUCTS_DIR; };
		F134EECD27BBE5340028FFFC /* AppDelegate.swift */ = {isa = PBXFileReference; lastKnownFileType = sourcecode.swift; path = AppDelegate.swift; sourceTree = "<group>"; };
		F134EECF27BBE5340028FFFC /* SceneDelegate.swift */ = {isa = PBXFileReference; lastKnownFileType = sourcecode.swift; path = SceneDelegate.swift; sourceTree = "<group>"; };
		F134EED127BBE5340028FFFC /* ViewController.swift */ = {isa = PBXFileReference; lastKnownFileType = sourcecode.swift; path = ViewController.swift; sourceTree = "<group>"; };
		F134EED627BBE5350028FFFC /* Assets.xcassets */ = {isa = PBXFileReference; lastKnownFileType = folder.assetcatalog; path = Assets.xcassets; sourceTree = "<group>"; };
		F134EED927BBE5350028FFFC /* Base */ = {isa = PBXFileReference; lastKnownFileType = file.storyboard; name = Base; path = Base.lproj/LaunchScreen.storyboard; sourceTree = "<group>"; };
		F134EEDB27BBE5350028FFFC /* Info.plist */ = {isa = PBXFileReference; lastKnownFileType = text.plist.xml; path = Info.plist; sourceTree = "<group>"; };
		F134EEE027BBE5360028FFFC /* NewsAppTests.xctest */ = {isa = PBXFileReference; explicitFileType = wrapper.cfbundle; includeInIndex = 0; path = NewsAppTests.xctest; sourceTree = BUILT_PRODUCTS_DIR; };
		F134EEE427BBE5360028FFFC /* NewsAppTests.swift */ = {isa = PBXFileReference; lastKnownFileType = sourcecode.swift; path = NewsAppTests.swift; sourceTree = "<group>"; };
		F134EEEA27BBE5360028FFFC /* NewsAppUITests.xctest */ = {isa = PBXFileReference; explicitFileType = wrapper.cfbundle; includeInIndex = 0; path = NewsAppUITests.xctest; sourceTree = BUILT_PRODUCTS_DIR; };
		F134EEEE27BBE5360028FFFC /* NewsAppUITests.swift */ = {isa = PBXFileReference; lastKnownFileType = sourcecode.swift; path = NewsAppUITests.swift; sourceTree = "<group>"; };
		F134EEF027BBE5360028FFFC /* NewsAppUITestsLaunchTests.swift */ = {isa = PBXFileReference; lastKnownFileType = sourcecode.swift; path = NewsAppUITestsLaunchTests.swift; sourceTree = "<group>"; };
		F134EEFE27BBED7A0028FFFC /* APIKey.swift */ = {isa = PBXFileReference; lastKnownFileType = sourcecode.swift; path = APIKey.swift; sourceTree = "<group>"; };
		F134EF0127BBEE1E0028FFFC /* News.swift */ = {isa = PBXFileReference; lastKnownFileType = sourcecode.swift; path = News.swift; sourceTree = "<group>"; };
		F134EF0427BBEFCA0028FFFC /* NetworkManager.swift */ = {isa = PBXFileReference; lastKnownFileType = sourcecode.swift; path = NetworkManager.swift; sourceTree = "<group>"; };
		F134EF0727BBF6630028FFFC /* NewsViewModel.swift */ = {isa = PBXFileReference; lastKnownFileType = sourcecode.swift; path = NewsViewModel.swift; sourceTree = "<group>"; };
		F134EF0927BBF74F0028FFFC /* NewsListViewModel.swift */ = {isa = PBXFileReference; lastKnownFileType = sourcecode.swift; path = NewsListViewModel.swift; sourceTree = "<group>"; };
		F134EF0C27BBF8FF0028FFFC /* HeaderView.swift */ = {isa = PBXFileReference; lastKnownFileType = sourcecode.swift; path = HeaderView.swift; sourceTree = "<group>"; };
		F134EF0E27BC22B90028FFFC /* ShadowImageView.swift */ = {isa = PBXFileReference; lastKnownFileType = sourcecode.swift; path = ShadowImageView.swift; sourceTree = "<group>"; };
		F134EF1027BC27360028FFFC /* NewsTableViewCell.swift */ = {isa = PBXFileReference; lastKnownFileType = sourcecode.swift; path = NewsTableViewCell.swift; sourceTree = "<group>"; };
/* End PBXFileReference section */

/* Begin PBXFrameworksBuildPhase section */
		F134EEC727BBE5340028FFFC /* Frameworks */ = {
			isa = PBXFrameworksBuildPhase;
			buildActionMask = 2147483647;
			files = (
			);
			runOnlyForDeploymentPostprocessing = 0;
		};
		F134EEDD27BBE5360028FFFC /* Frameworks */ = {
			isa = PBXFrameworksBuildPhase;
			buildActionMask = 2147483647;
			files = (
			);
			runOnlyForDeploymentPostprocessing = 0;
		};
		F134EEE727BBE5360028FFFC /* Frameworks */ = {
			isa = PBXFrameworksBuildPhase;
			buildActionMask = 2147483647;
			files = (
			);
			runOnlyForDeploymentPostprocessing = 0;
		};
/* End PBXFrameworksBuildPhase section */

/* Begin PBXGroup section */
		F134EEC127BBE5340028FFFC = {
			isa = PBXGroup;
			children = (
				F134EECC27BBE5340028FFFC /* NewsApp */,
				F134EEE327BBE5360028FFFC /* NewsAppTests */,
				F134EEED27BBE5360028FFFC /* NewsAppUITests */,
				F134EECB27BBE5340028FFFC /* Products */,
			);
			sourceTree = "<group>";
		};
		F134EECB27BBE5340028FFFC /* Products */ = {
			isa = PBXGroup;
			children = (
				F134EECA27BBE5340028FFFC /* NewsApp.app */,
				F134EEE027BBE5360028FFFC /* NewsAppTests.xctest */,
				F134EEEA27BBE5360028FFFC /* NewsAppUITests.xctest */,
			);
			name = Products;
			sourceTree = "<group>";
		};
		F134EECC27BBE5340028FFFC /* NewsApp */ = {
			isa = PBXGroup;
			children = (
				F134EF0B27BBF8F10028FFFC /* Views */,
				F134EF0627BBF6530028FFFC /* ViewModels */,
				F134EF0327BBEFB70028FFFC /* Services */,
				F134EF0027BBEE120028FFFC /* Models */,
				F134EEFD27BBED620028FFFC /* Config */,
				F134EECD27BBE5340028FFFC /* AppDelegate.swift */,
				F134EECF27BBE5340028FFFC /* SceneDelegate.swift */,
				F134EED127BBE5340028FFFC /* ViewController.swift */,
				F134EED627BBE5350028FFFC /* Assets.xcassets */,
				F134EED827BBE5350028FFFC /* LaunchScreen.storyboard */,
				F134EEDB27BBE5350028FFFC /* Info.plist */,
			);
			path = NewsApp;
			sourceTree = "<group>";
		};
		F134EEE327BBE5360028FFFC /* NewsAppTests */ = {
			isa = PBXGroup;
			children = (
				F134EEE427BBE5360028FFFC /* NewsAppTests.swift */,
			);
			path = NewsAppTests;
			sourceTree = "<group>";
		};
		F134EEED27BBE5360028FFFC /* NewsAppUITests */ = {
			isa = PBXGroup;
			children = (
				F134EEEE27BBE5360028FFFC /* NewsAppUITests.swift */,
				F134EEF027BBE5360028FFFC /* NewsAppUITestsLaunchTests.swift */,
			);
			path = NewsAppUITests;
			sourceTree = "<group>";
		};
		F134EEFD27BBED620028FFFC /* Config */ = {
			isa = PBXGroup;
			children = (
				F134EEFE27BBED7A0028FFFC /* APIKey.swift */,
			);
			path = Config;
			sourceTree = "<group>";
		};
		F134EF0027BBEE120028FFFC /* Models */ = {
			isa = PBXGroup;
			children = (
				F134EF0127BBEE1E0028FFFC /* News.swift */,
			);
			path = Models;
			sourceTree = "<group>";
		};
		F134EF0327BBEFB70028FFFC /* Services */ = {
			isa = PBXGroup;
			children = (
				F134EF0427BBEFCA0028FFFC /* NetworkManager.swift */,
			);
			path = Services;
			sourceTree = "<group>";
		};
		F134EF0627BBF6530028FFFC /* ViewModels */ = {
			isa = PBXGroup;
			children = (
				F134EF0727BBF6630028FFFC /* NewsViewModel.swift */,
				F134EF0927BBF74F0028FFFC /* NewsListViewModel.swift */,
			);
			path = ViewModels;
			sourceTree = "<group>";
		};
		F134EF0B27BBF8F10028FFFC /* Views */ = {
			isa = PBXGroup;
			children = (
				F134EF0C27BBF8FF0028FFFC /* HeaderView.swift */,
				F134EF0E27BC22B90028FFFC /* ShadowImageView.swift */,
				F134EF1027BC27360028FFFC /* NewsTableViewCell.swift */,
			);
			path = Views;
			sourceTree = "<group>";
		};
/* End PBXGroup section */

/* Begin PBXNativeTarget section */
		F134EEC927BBE5340028FFFC /* NewsApp */ = {
			isa = PBXNativeTarget;
			buildConfigurationList = F134EEF427BBE5360028FFFC /* Build configuration list for PBXNativeTarget "NewsApp" */;
			buildPhases = (
				F134EEC627BBE5340028FFFC /* Sources */,
				F134EEC727BBE5340028FFFC /* Frameworks */,
				F134EEC827BBE5340028FFFC /* Resources */,
			);
			buildRules = (
			);
			dependencies = (
			);
			name = NewsApp;
			productName = NewsApp;
			productReference = F134EECA27BBE5340028FFFC /* NewsApp.app */;
			productType = "com.apple.product-type.application";
		};
		F134EEDF27BBE5360028FFFC /* NewsAppTests */ = {
			isa = PBXNativeTarget;
			buildConfigurationList = F134EEF727BBE5360028FFFC /* Build configuration list for PBXNativeTarget "NewsAppTests" */;
			buildPhases = (
				F134EEDC27BBE5360028FFFC /* Sources */,
				F134EEDD27BBE5360028FFFC /* Frameworks */,
				F134EEDE27BBE5360028FFFC /* Resources */,
			);
			buildRules = (
			);
			dependencies = (
				F134EEE227BBE5360028FFFC /* PBXTargetDependency */,
			);
			name = NewsAppTests;
			productName = NewsAppTests;
			productReference = F134EEE027BBE5360028FFFC /* NewsAppTests.xctest */;
			productType = "com.apple.product-type.bundle.unit-test";
		};
		F134EEE927BBE5360028FFFC /* NewsAppUITests */ = {
			isa = PBXNativeTarget;
			buildConfigurationList = F134EEFA27BBE5360028FFFC /* Build configuration list for PBXNativeTarget "NewsAppUITests" */;
			buildPhases = (
				F134EEE627BBE5360028FFFC /* Sources */,
				F134EEE727BBE5360028FFFC /* Frameworks */,
				F134EEE827BBE5360028FFFC /* Resources */,
			);
			buildRules = (
			);
			dependencies = (
				F134EEEC27BBE5360028FFFC /* PBXTargetDependency */,
			);
			name = NewsAppUITests;
			productName = NewsAppUITests;
			productReference = F134EEEA27BBE5360028FFFC /* NewsAppUITests.xctest */;
			productType = "com.apple.product-type.bundle.ui-testing";
		};
/* End PBXNativeTarget section */

/* Begin PBXProject section */
		F134EEC227BBE5340028FFFC /* Project object */ = {
			isa = PBXProject;
			attributes = {
				BuildIndependentTargetsInParallel = 1;
				LastSwiftUpdateCheck = 1320;
				LastUpgradeCheck = 1320;
				TargetAttributes = {
					F134EEC927BBE5340028FFFC = {
						CreatedOnToolsVersion = 13.2.1;
					};
					F134EEDF27BBE5360028FFFC = {
						CreatedOnToolsVersion = 13.2.1;
						TestTargetID = F134EEC927BBE5340028FFFC;
					};
					F134EEE927BBE5360028FFFC = {
						CreatedOnToolsVersion = 13.2.1;
						TestTargetID = F134EEC927BBE5340028FFFC;
					};
				};
			};
			buildConfigurationList = F134EEC527BBE5340028FFFC /* Build configuration list for PBXProject "NewsApp" */;
			compatibilityVersion = "Xcode 13.0";
			developmentRegion = en;
			hasScannedForEncodings = 0;
			knownRegions = (
				en,
				Base,
			);
			mainGroup = F134EEC127BBE5340028FFFC;
			productRefGroup = F134EECB27BBE5340028FFFC /* Products */;
			projectDirPath = "";
			projectRoot = "";
			targets = (
				F134EEC927BBE5340028FFFC /* NewsApp */,
				F134EEDF27BBE5360028FFFC /* NewsAppTests */,
				F134EEE927BBE5360028FFFC /* NewsAppUITests */,
			);
		};
/* End PBXProject section */

/* Begin PBXResourcesBuildPhase section */
		F134EEC827BBE5340028FFFC /* Resources */ = {
			isa = PBXResourcesBuildPhase;
			buildActionMask = 2147483647;
			files = (
				F134EEDA27BBE5350028FFFC /* LaunchScreen.storyboard in Resources */,
				F134EED727BBE5350028FFFC /* Assets.xcassets in Resources */,
			);
			runOnlyForDeploymentPostprocessing = 0;
		};
		F134EEDE27BBE5360028FFFC /* Resources */ = {
			isa = PBXResourcesBuildPhase;
			buildActionMask = 2147483647;
			files = (
			);
			runOnlyForDeploymentPostprocessing = 0;
		};
		F134EEE827BBE5360028FFFC /* Resources */ = {
			isa = PBXResourcesBuildPhase;
			buildActionMask = 2147483647;
			files = (
			);
			runOnlyForDeploymentPostprocessing = 0;
		};
/* End PBXResourcesBuildPhase section */

/* Begin PBXSourcesBuildPhase section */
		F134EEC627BBE5340028FFFC /* Sources */ = {
			isa = PBXSourcesBuildPhase;
			buildActionMask = 2147483647;
			files = (
				F134EF0527BBEFCA0028FFFC /* NetworkManager.swift in Sources */,
				F134EF1127BC27360028FFFC /* NewsTableViewCell.swift in Sources */,
				F134EF0D27BBF8FF0028FFFC /* HeaderView.swift in Sources */,
				F134EED227BBE5340028FFFC /* ViewController.swift in Sources */,
				F134EECE27BBE5340028FFFC /* AppDelegate.swift in Sources */,
				F134EEFF27BBED7A0028FFFC /* APIKey.swift in Sources */,
				F134EF0827BBF6630028FFFC /* NewsViewModel.swift in Sources */,
				F134EED027BBE5340028FFFC /* SceneDelegate.swift in Sources */,
				F134EF0227BBEE1E0028FFFC /* News.swift in Sources */,
				F134EF0F27BC22B90028FFFC /* ShadowImageView.swift in Sources */,
				F134EF0A27BBF74F0028FFFC /* NewsListViewModel.swift in Sources */,
			);
			runOnlyForDeploymentPostprocessing = 0;
		};
		F134EEDC27BBE5360028FFFC /* Sources */ = {
			isa = PBXSourcesBuildPhase;
			buildActionMask = 2147483647;
			files = (
				F134EEE527BBE5360028FFFC /* NewsAppTests.swift in Sources */,
			);
			runOnlyForDeploymentPostprocessing = 0;
		};
		F134EEE627BBE5360028FFFC /* Sources */ = {
			isa = PBXSourcesBuildPhase;
			buildActionMask = 2147483647;
			files = (
				F134EEEF27BBE5360028FFFC /* NewsAppUITests.swift in Sources */,
				F134EEF127BBE5360028FFFC /* NewsAppUITestsLaunchTests.swift in Sources */,
			);
			runOnlyForDeploymentPostprocessing = 0;
		};
/* End PBXSourcesBuildPhase section */

/* Begin PBXTargetDependency section */
		F134EEE227BBE5360028FFFC /* PBXTargetDependency */ = {
			isa = PBXTargetDependency;
			target = F134EEC927BBE5340028FFFC /* NewsApp */;
			targetProxy = F134EEE127BBE5360028FFFC /* PBXContainerItemProxy */;
		};
		F134EEEC27BBE5360028FFFC /* PBXTargetDependency */ = {
			isa = PBXTargetDependency;
			target = F134EEC927BBE5340028FFFC /* NewsApp */;
			targetProxy = F134EEEB27BBE5360028FFFC /* PBXContainerItemProxy */;
		};
/* End PBXTargetDependency section */

/* Begin PBXVariantGroup section */
		F134EED827BBE5350028FFFC /* LaunchScreen.storyboard */ = {
			isa = PBXVariantGroup;
			children = (
				F134EED927BBE5350028FFFC /* Base */,
			);
			name = LaunchScreen.storyboard;
			sourceTree = "<group>";
		};
/* End PBXVariantGroup section */

/* Begin XCBuildConfiguration section */
		F134EEF227BBE5360028FFFC /* Debug */ = {
			isa = XCBuildConfiguration;
			buildSettings = {
				ALWAYS_SEARCH_USER_PATHS = NO;
				CLANG_ANALYZER_NONNULL = YES;
				CLANG_ANALYZER_NUMBER_OBJECT_CONVERSION = YES_AGGRESSIVE;
				CLANG_CXX_LANGUAGE_STANDARD = "gnu++17";
				CLANG_CXX_LIBRARY = "libc++";
				CLANG_ENABLE_MODULES = YES;
				CLANG_ENABLE_OBJC_ARC = YES;
				CLANG_ENABLE_OBJC_WEAK = YES;
				CLANG_WARN_BLOCK_CAPTURE_AUTORELEASING = YES;
				CLANG_WARN_BOOL_CONVERSION = YES;
				CLANG_WARN_COMMA = YES;
				CLANG_WARN_CONSTANT_CONVERSION = YES;
				CLANG_WARN_DEPRECATED_OBJC_IMPLEMENTATIONS = YES;
				CLANG_WARN_DIRECT_OBJC_ISA_USAGE = YES_ERROR;
				CLANG_WARN_DOCUMENTATION_COMMENTS = YES;
				CLANG_WARN_EMPTY_BODY = YES;
				CLANG_WARN_ENUM_CONVERSION = YES;
				CLANG_WARN_INFINITE_RECURSION = YES;
				CLANG_WARN_INT_CONVERSION = YES;
				CLANG_WARN_NON_LITERAL_NULL_CONVERSION = YES;
				CLANG_WARN_OBJC_IMPLICIT_RETAIN_SELF = YES;
				CLANG_WARN_OBJC_LITERAL_CONVERSION = YES;
				CLANG_WARN_OBJC_ROOT_CLASS = YES_ERROR;
				CLANG_WARN_QUOTED_INCLUDE_IN_FRAMEWORK_HEADER = YES;
				CLANG_WARN_RANGE_LOOP_ANALYSIS = YES;
				CLANG_WARN_STRICT_PROTOTYPES = YES;
				CLANG_WARN_SUSPICIOUS_MOVE = YES;
				CLANG_WARN_UNGUARDED_AVAILABILITY = YES_AGGRESSIVE;
				CLANG_WARN_UNREACHABLE_CODE = YES;
				CLANG_WARN__DUPLICATE_METHOD_MATCH = YES;
				COPY_PHASE_STRIP = NO;
				DEBUG_INFORMATION_FORMAT = dwarf;
				ENABLE_STRICT_OBJC_MSGSEND = YES;
				ENABLE_TESTABILITY = YES;
				GCC_C_LANGUAGE_STANDARD = gnu11;
				GCC_DYNAMIC_NO_PIC = NO;
				GCC_NO_COMMON_BLOCKS = YES;
				GCC_OPTIMIZATION_LEVEL = 0;
				GCC_PREPROCESSOR_DEFINITIONS = (
					"DEBUG=1",
					"$(inherited)",
				);
				GCC_WARN_64_TO_32_BIT_CONVERSION = YES;
				GCC_WARN_ABOUT_RETURN_TYPE = YES_ERROR;
				GCC_WARN_UNDECLARED_SELECTOR = YES;
				GCC_WARN_UNINITIALIZED_AUTOS = YES_AGGRESSIVE;
				GCC_WARN_UNUSED_FUNCTION = YES;
				GCC_WARN_UNUSED_VARIABLE = YES;
				IPHONEOS_DEPLOYMENT_TARGET = 15.2;
				MTL_ENABLE_DEBUG_INFO = INCLUDE_SOURCE;
				MTL_FAST_MATH = YES;
				ONLY_ACTIVE_ARCH = YES;
				SDKROOT = iphoneos;
				SWIFT_ACTIVE_COMPILATION_CONDITIONS = DEBUG;
				SWIFT_OPTIMIZATION_LEVEL = "-Onone";
			};
			name = Debug;
		};
		F134EEF327BBE5360028FFFC /* Release */ = {
			isa = XCBuildConfiguration;
			buildSettings = {
				ALWAYS_SEARCH_USER_PATHS = NO;
				CLANG_ANALYZER_NONNULL = YES;
				CLANG_ANALYZER_NUMBER_OBJECT_CONVERSION = YES_AGGRESSIVE;
				CLANG_CXX_LANGUAGE_STANDARD = "gnu++17";
				CLANG_CXX_LIBRARY = "libc++";
				CLANG_ENABLE_MODULES = YES;
				CLANG_ENABLE_OBJC_ARC = YES;
				CLANG_ENABLE_OBJC_WEAK = YES;
				CLANG_WARN_BLOCK_CAPTURE_AUTORELEASING = YES;
				CLANG_WARN_BOOL_CONVERSION = YES;
				CLANG_WARN_COMMA = YES;
				CLANG_WARN_CONSTANT_CONVERSION = YES;
				CLANG_WARN_DEPRECATED_OBJC_IMPLEMENTATIONS = YES;
				CLANG_WARN_DIRECT_OBJC_ISA_USAGE = YES_ERROR;
				CLANG_WARN_DOCUMENTATION_COMMENTS = YES;
				CLANG_WARN_EMPTY_BODY = YES;
				CLANG_WARN_ENUM_CONVERSION = YES;
				CLANG_WARN_INFINITE_RECURSION = YES;
				CLANG_WARN_INT_CONVERSION = YES;
				CLANG_WARN_NON_LITERAL_NULL_CONVERSION = YES;
				CLANG_WARN_OBJC_IMPLICIT_RETAIN_SELF = YES;
				CLANG_WARN_OBJC_LITERAL_CONVERSION = YES;
				CLANG_WARN_OBJC_ROOT_CLASS = YES_ERROR;
				CLANG_WARN_QUOTED_INCLUDE_IN_FRAMEWORK_HEADER = YES;
				CLANG_WARN_RANGE_LOOP_ANALYSIS = YES;
				CLANG_WARN_STRICT_PROTOTYPES = YES;
				CLANG_WARN_SUSPICIOUS_MOVE = YES;
				CLANG_WARN_UNGUARDED_AVAILABILITY = YES_AGGRESSIVE;
				CLANG_WARN_UNREACHABLE_CODE = YES;
				CLANG_WARN__DUPLICATE_METHOD_MATCH = YES;
				COPY_PHASE_STRIP = NO;
				DEBUG_INFORMATION_FORMAT = "dwarf-with-dsym";
				ENABLE_NS_ASSERTIONS = NO;
				ENABLE_STRICT_OBJC_MSGSEND = YES;
				GCC_C_LANGUAGE_STANDARD = gnu11;
				GCC_NO_COMMON_BLOCKS = YES;
				GCC_WARN_64_TO_32_BIT_CONVERSION = YES;
				GCC_WARN_ABOUT_RETURN_TYPE = YES_ERROR;
				GCC_WARN_UNDECLARED_SELECTOR = YES;
				GCC_WARN_UNINITIALIZED_AUTOS = YES_AGGRESSIVE;
				GCC_WARN_UNUSED_FUNCTION = YES;
				GCC_WARN_UNUSED_VARIABLE = YES;
				IPHONEOS_DEPLOYMENT_TARGET = 15.2;
				MTL_ENABLE_DEBUG_INFO = NO;
				MTL_FAST_MATH = YES;
				SDKROOT = iphoneos;
				SWIFT_COMPILATION_MODE = wholemodule;
				SWIFT_OPTIMIZATION_LEVEL = "-O";
				VALIDATE_PRODUCT = YES;
			};
			name = Release;
		};
		F134EEF527BBE5360028FFFC /* Debug */ = {
			isa = XCBuildConfiguration;
			buildSettings = {
				ASSETCATALOG_COMPILER_APPICON_NAME = AppIcon;
				ASSETCATALOG_COMPILER_GLOBAL_ACCENT_COLOR_NAME = AccentColor;
				CODE_SIGN_STYLE = Automatic;
				CURRENT_PROJECT_VERSION = 1;
				DEVELOPMENT_TEAM = 3N4N32965P;
				GENERATE_INFOPLIST_FILE = YES;
				INFOPLIST_FILE = NewsApp/Info.plist;
				INFOPLIST_KEY_UIApplicationSupportsIndirectInputEvents = YES;
				INFOPLIST_KEY_UILaunchStoryboardName = LaunchScreen;
				INFOPLIST_KEY_UISupportedInterfaceOrientations_iPad = "UIInterfaceOrientationPortrait UIInterfaceOrientationPortraitUpsideDown UIInterfaceOrientationLandscapeLeft UIInterfaceOrientationLandscapeRight";
				INFOPLIST_KEY_UISupportedInterfaceOrientations_iPhone = "UIInterfaceOrientationPortrait UIInterfaceOrientationLandscapeLeft UIInterfaceOrientationLandscapeRight";
				LD_RUNPATH_SEARCH_PATHS = (
					"$(inherited)",
					"@executable_path/Frameworks",
				);
				MARKETING_VERSION = 1.0;
				PRODUCT_BUNDLE_IDENTIFIER = asd.NewsApp;
				PRODUCT_NAME = "$(TARGET_NAME)";
				SWIFT_EMIT_LOC_STRINGS = YES;
				SWIFT_VERSION = 5.0;
				TARGETED_DEVICE_FAMILY = "1,2";
			};
			name = Debug;
		};
		F134EEF627BBE5360028FFFC /* Release */ = {
			isa = XCBuildConfiguration;
			buildSettings = {
				ASSETCATALOG_COMPILER_APPICON_NAME = AppIcon;
				ASSETCATALOG_COMPILER_GLOBAL_ACCENT_COLOR_NAME = AccentColor;
				CODE_SIGN_STYLE = Automatic;
				CURRENT_PROJECT_VERSION = 1;
				DEVELOPMENT_TEAM = 3N4N32965P;
				GENERATE_INFOPLIST_FILE = YES;
				INFOPLIST_FILE = NewsApp/Info.plist;
				INFOPLIST_KEY_UIApplicationSupportsIndirectInputEvents = YES;
				INFOPLIST_KEY_UILaunchStoryboardName = LaunchScreen;
				INFOPLIST_KEY_UISupportedInterfaceOrientations_iPad = "UIInterfaceOrientationPortrait UIInterfaceOrientationPortraitUpsideDown UIInterfaceOrientationLandscapeLeft UIInterfaceOrientationLandscapeRight";
				INFOPLIST_KEY_UISupportedInterfaceOrientations_iPhone = "UIInterfaceOrientationPortrait UIInterfaceOrientationLandscapeLeft UIInterfaceOrientationLandscapeRight";
				LD_RUNPATH_SEARCH_PATHS = (
					"$(inherited)",
					"@executable_path/Frameworks",
				);
				MARKETING_VERSION = 1.0;
				PRODUCT_BUNDLE_IDENTIFIER = asd.NewsApp;
				PRODUCT_NAME = "$(TARGET_NAME)";
				SWIFT_EMIT_LOC_STRINGS = YES;
				SWIFT_VERSION = 5.0;
				TARGETED_DEVICE_FAMILY = "1,2";
			};
			name = Release;
		};
		F134EEF827BBE5360028FFFC /* Debug */ = {
			isa = XCBuildConfiguration;
			buildSettings = {
				ALWAYS_EMBED_SWIFT_STANDARD_LIBRARIES = YES;
				BUNDLE_LOADER = "$(TEST_HOST)";
				CODE_SIGN_STYLE = Automatic;
				CURRENT_PROJECT_VERSION = 1;
				DEVELOPMENT_TEAM = 3N4N32965P;
				GENERATE_INFOPLIST_FILE = YES;
				IPHONEOS_DEPLOYMENT_TARGET = 15.2;
				MARKETING_VERSION = 1.0;
				PRODUCT_BUNDLE_IDENTIFIER = asd.NewsAppTests;
				PRODUCT_NAME = "$(TARGET_NAME)";
				SWIFT_EMIT_LOC_STRINGS = NO;
				SWIFT_VERSION = 5.0;
				TARGETED_DEVICE_FAMILY = "1,2";
				TEST_HOST = "$(BUILT_PRODUCTS_DIR)/NewsApp.app/NewsApp";
			};
			name = Debug;
		};
		F134EEF927BBE5360028FFFC /* Release */ = {
			isa = XCBuildConfiguration;
			buildSettings = {
				ALWAYS_EMBED_SWIFT_STANDARD_LIBRARIES = YES;
				BUNDLE_LOADER = "$(TEST_HOST)";
				CODE_SIGN_STYLE = Automatic;
				CURRENT_PROJECT_VERSION = 1;
				DEVELOPMENT_TEAM = 3N4N32965P;
				GENERATE_INFOPLIST_FILE = YES;
				IPHONEOS_DEPLOYMENT_TARGET = 15.2;
				MARKETING_VERSION = 1.0;
				PRODUCT_BUNDLE_IDENTIFIER = asd.NewsAppTests;
				PRODUCT_NAME = "$(TARGET_NAME)";
				SWIFT_EMIT_LOC_STRINGS = NO;
				SWIFT_VERSION = 5.0;
				TARGETED_DEVICE_FAMILY = "1,2";
				TEST_HOST = "$(BUILT_PRODUCTS_DIR)/NewsApp.app/NewsApp";
			};
			name = Release;
		};
		F134EEFB27BBE5360028FFFC /* Debug */ = {
			isa = XCBuildConfiguration;
			buildSettings = {
				ALWAYS_EMBED_SWIFT_STANDARD_LIBRARIES = YES;
				CODE_SIGN_STYLE = Automatic;
				CURRENT_PROJECT_VERSION = 1;
				DEVELOPMENT_TEAM = 3N4N32965P;
				GENERATE_INFOPLIST_FILE = YES;
				MARKETING_VERSION = 1.0;
				PRODUCT_BUNDLE_IDENTIFIER = asd.NewsAppUITests;
				PRODUCT_NAME = "$(TARGET_NAME)";
				SWIFT_EMIT_LOC_STRINGS = NO;
				SWIFT_VERSION = 5.0;
				TARGETED_DEVICE_FAMILY = "1,2";
				TEST_TARGET_NAME = NewsApp;
			};
			name = Debug;
		};
		F134EEFC27BBE5360028FFFC /* Release */ = {
			isa = XCBuildConfiguration;
			buildSettings = {
				ALWAYS_EMBED_SWIFT_STANDARD_LIBRARIES = YES;
				CODE_SIGN_STYLE = Automatic;
				CURRENT_PROJECT_VERSION = 1;
				DEVELOPMENT_TEAM = 3N4N32965P;
				GENERATE_INFOPLIST_FILE = YES;
				MARKETING_VERSION = 1.0;
				PRODUCT_BUNDLE_IDENTIFIER = asd.NewsAppUITests;
				PRODUCT_NAME = "$(TARGET_NAME)";
				SWIFT_EMIT_LOC_STRINGS = NO;
				SWIFT_VERSION = 5.0;
				TARGETED_DEVICE_FAMILY = "1,2";
				TEST_TARGET_NAME = NewsApp;
			};
			name = Release;
		};
/* End XCBuildConfiguration section */

/* Begin XCConfigurationList section */
		F134EEC527BBE5340028FFFC /* Build configuration list for PBXProject "NewsApp" */ = {
			isa = XCConfigurationList;
			buildConfigurations = (
				F134EEF227BBE5360028FFFC /* Debug */,
				F134EEF327BBE5360028FFFC /* Release */,
			);
			defaultConfigurationIsVisible = 0;
			defaultConfigurationName = Release;
		};
		F134EEF427BBE5360028FFFC /* Build configuration list for PBXNativeTarget "NewsApp" */ = {
			isa = XCConfigurationList;
			buildConfigurations = (
				F134EEF527BBE5360028FFFC /* Debug */,
				F134EEF627BBE5360028FFFC /* Release */,
			);
			defaultConfigurationIsVisible = 0;
			defaultConfigurationName = Release;
		};
		F134EEF727BBE5360028FFFC /* Build configuration list for PBXNativeTarget "NewsAppTests" */ = {
			isa = XCConfigurationList;
			buildConfigurations = (
				F134EEF827BBE5360028FFFC /* Debug */,
				F134EEF927BBE5360028FFFC /* Release */,
			);
			defaultConfigurationIsVisible = 0;
			defaultConfigurationName = Release;
		};
		F134EEFA27BBE5360028FFFC /* Build configuration list for PBXNativeTarget "NewsAppUITests" */ = {
			isa = XCConfigurationList;
			buildConfigurations = (
				F134EEFB27BBE5360028FFFC /* Debug */,
				F134EEFC27BBE5360028FFFC /* Release */,
			);
			defaultConfigurationIsVisible = 0;
			defaultConfigurationName = Release;
		};
/* End XCConfigurationList section */
	};
	rootObject = F134EEC227BBE5340028FFFC /* Project object */;
}
